
Microsoft Visual Studio Solution File, Format Version 12.00
# Visual Studio Version 16
VisualStudioVersion = 16.0.30717.126
MinimumVisualStudioVersion = 10.0.40219.1
Project("{FAE04EC0-301F-11D3-BF4B-00C04F79EFBC}") = "Part 1", "Part 1.csproj", "{3054E136-EE79-42F3-ABD5-1177CAF00927}"
EndProject
Global
	GlobalSection(SolutionConfigurationPlatforms) = preSolution
		Debug|Any CPU = Debug|Any CPU
		Release|Any CPU = Release|Any CPU
	EndGlobalSection
	GlobalSection(ProjectConfigurationPlatforms) = postSolution
		{3054E136-EE79-42F3-ABD5-1177CAF00927}.Debug|Any CPU.ActiveCfg = Debug|Any CPU
		{3054E136-EE79-42F3-ABD5-1177CAF00927}.Debug|Any CPU.Build.0 = Debug|Any CPU
		{3054E136-EE79-42F3-ABD5-1177CAF00927}.Release|Any CPU.ActiveCfg = Release|Any CPU
		{3054E136-EE79-42F3-ABD5-1177CAF00927}.Release|Any CPU.Build.0 = Release|Any CPU
	EndGlobalSection
	GlobalSection(SolutionProperties) = preSolution
		HideSolutionNode = FALSE
	EndGlobalSection
	GlobalSection(ExtensibilityGlobals) = postSolution
		SolutionGuid = {6BFB2D4E-73AD-43F2-9ECA-A74BF3927316}
	EndGlobalSection
EndGlobal
