
Microsoft Visual Studio Solution File, Format Version 12.00
# Visual Studio Version 16
VisualStudioVersion = 16.0.30717.126
MinimumVisualStudioVersion = 10.0.40219.1
Project("{FAE04EC0-301F-11D3-BF4B-00C04F79EFBC}") = "Part 1", "Part 1.csproj", "{EE67B7FD-C9AD-473A-B3DC-98779B0F956B}"
EndProject
Global
	GlobalSection(SolutionConfigurationPlatforms) = preSolution
		Debug|Any CPU = Debug|Any CPU
		Release|Any CPU = Release|Any CPU
	EndGlobalSection
	GlobalSection(ProjectConfigurationPlatforms) = postSolution
		{EE67B7FD-C9AD-473A-B3DC-98779B0F956B}.Debug|Any CPU.ActiveCfg = Debug|Any CPU
		{EE67B7FD-C9AD-473A-B3DC-98779B0F956B}.Debug|Any CPU.Build.0 = Debug|Any CPU
		{EE67B7FD-C9AD-473A-B3DC-98779B0F956B}.Release|Any CPU.ActiveCfg = Release|Any CPU
		{EE67B7FD-C9AD-473A-B3DC-98779B0F956B}.Release|Any CPU.Build.0 = Release|Any CPU
	EndGlobalSection
	GlobalSection(SolutionProperties) = preSolution
		HideSolutionNode = FALSE
	EndGlobalSection
	GlobalSection(ExtensibilityGlobals) = postSolution
		SolutionGuid = {F76FE0BA-E8BF-47E1-AE7D-DA5B17067679}
	EndGlobalSection
EndGlobal
